
Microsoft Visual Studio Solution File, Format Version 12.00
# Visual Studio Version 17
VisualStudioVersion = 17.0.31903.59
MinimumVisualStudioVersion = 10.0.40219.1
Project("{2150E333-8FDC-42A3-9474-1A3956D46DE8}") = "content", "content", "{59C520EF-65A1-4C0A-B337-F399B06C3D60}"
EndProject
Project("{FAE04EC0-301F-11D3-BF4B-00C04F79EFBC}") = "AnimScripts.Dev", "content\anims\AnimScripts.Dev.csproj", "{48E30877-FB45-4492-97EB-FA63D7784E39}"
EndProject
Project("{FAE04EC0-301F-11D3-BF4B-00C04F79EFBC}") = "ModDocProject", "content\ModDocProject.csproj", "{3B66539A-1292-4577-892A-B888A1FDBF25}"
EndProject
Global
	GlobalSection(SolutionConfigurationPlatforms) = preSolution
		Debug|Any CPU = Debug|Any CPU
		Release|Any CPU = Release|Any CPU
	EndGlobalSection
	GlobalSection(SolutionProperties) = preSolution
		HideSolutionNode = FALSE
	EndGlobalSection
	GlobalSection(ProjectConfigurationPlatforms) = postSolution
		{48E30877-FB45-4492-97EB-FA63D7784E39}.Debug|Any CPU.ActiveCfg = Debug|Any CPU
		{48E30877-FB45-4492-97EB-FA63D7784E39}.Debug|Any CPU.Build.0 = Debug|Any CPU
		{48E30877-FB45-4492-97EB-FA63D7784E39}.Release|Any CPU.ActiveCfg = Release|Any CPU
		{48E30877-FB45-4492-97EB-FA63D7784E39}.Release|Any CPU.Build.0 = Release|Any CPU
		{3B66539A-1292-4577-892A-B888A1FDBF25}.Debug|Any CPU.ActiveCfg = Debug|Any CPU
		{3B66539A-1292-4577-892A-B888A1FDBF25}.Debug|Any CPU.Build.0 = Debug|Any CPU
		{3B66539A-1292-4577-892A-B888A1FDBF25}.Release|Any CPU.ActiveCfg = Release|Any CPU
		{3B66539A-1292-4577-892A-B888A1FDBF25}.Release|Any CPU.Build.0 = Release|Any CPU
	EndGlobalSection
	GlobalSection(NestedProjects) = preSolution
		{48E30877-FB45-4492-97EB-FA63D7784E39} = {59C520EF-65A1-4C0A-B337-F399B06C3D60}
		{3B66539A-1292-4577-892A-B888A1FDBF25} = {59C520EF-65A1-4C0A-B337-F399B06C3D60}
	EndGlobalSection
EndGlobal
